
Microsoft Visual Studio Solution File, Format Version 12.00
# Visual Studio Version 17
VisualStudioVersion = 17.2.32630.192
MinimumVisualStudioVersion = 10.0.40219.1
Project("{FAE04EC0-301F-11D3-BF4B-00C04F79EFBC}") = "TilynWeb", "TilynWeb\TilynWeb.csproj", "{78D378F7-5FDD-4D59-8F24-C93C7104BFD1}"
EndProject
Global
	GlobalSection(SolutionConfigurationPlatforms) = preSolution
		Debug|Any CPU = Debug|Any CPU
		Release|Any CPU = Release|Any CPU
	EndGlobalSection
	GlobalSection(ProjectConfigurationPlatforms) = postSolution
		{78D378F7-5FDD-4D59-8F24-C93C7104BFD1}.Debug|Any CPU.ActiveCfg = Debug|Any CPU
		{78D378F7-5FDD-4D59-8F24-C93C7104BFD1}.Debug|Any CPU.Build.0 = Debug|Any CPU
		{78D378F7-5FDD-4D59-8F24-C93C7104BFD1}.Release|Any CPU.ActiveCfg = Release|Any CPU
		{78D378F7-5FDD-4D59-8F24-C93C7104BFD1}.Release|Any CPU.Build.0 = Release|Any CPU
	EndGlobalSection
	GlobalSection(SolutionProperties) = preSolution
		HideSolutionNode = FALSE
	EndGlobalSection
	GlobalSection(ExtensibilityGlobals) = postSolution
		SolutionGuid = {E78E6F07-B377-43A2-A523-2C820113C491}
	EndGlobalSection
EndGlobal
